<?xml version="1.0" encoding="utf-8"?>
<Project ToolsVersion="17.0" xmlns="http://schemas.microsoft.com/developer/msbuild/2003">
  <ItemGroup>
    <ClCompile Include="D:\llama.cpp\common\build-info.cpp">
      <Filter>Source Files</Filter>
    </ClCompile>
  </ItemGroup>
  <ItemGroup>
    <CustomBuild Include="D:\llama.cpp\build\CMakeFiles\64b52da4bcb2776841b836f2d81f366b\build-info.cpp.rule">
      <Filter>CMake Rules</Filter>
    </CustomBuild>
    <CustomBuild Include="D:\llama.cpp\common\CMakeLists.txt" />
  </ItemGroup>
  <ItemGroup>
    <Filter Include="CMake Rules">
      <UniqueIdentifier>{34BCD5F4-C78D-3572-9778-B2EFB195063F}</UniqueIdentifier>
    </Filter>
    <Filter Include="Source Files">
      <UniqueIdentifier>{7916535C-897B-34BA-A2C5-E7EF3432B05A}</UniqueIdentifier>
    </Filter>
  </ItemGroup>
</Project>
