<?xml version="1.0" encoding="utf-8"?>
<Project ToolsVersion="17.0" xmlns="http://schemas.microsoft.com/developer/msbuild/2003">
  <ItemGroup>
    <CustomBuild Include="D:\llama.cpp\build\CMakeFiles\b46d13ea6b81464023c09f3aed65a0a8\INSTALL_force.rule">
      <Filter>CMake Rules</Filter>
    </CustomBuild>
  </ItemGroup>
  <ItemGroup>
    <Filter Include="CMake Rules">
      <UniqueIdentifier>{34BCD5F4-C78D-3572-9778-B2EFB195063F}</UniqueIdentifier>
    </Filter>
  </ItemGroup>
</Project>
